
Microsoft Visual Studio Solution File, Format Version 12.00
Project("{FAE04EC0-301F-11D3-BF4B-00C04F79EFBC}") = "ShuntingYard.Core", "ShuntingYard.Core\ShuntingYard.Core.csproj", "{D965BF6E-66B3-45C7-9697-7845A29FBC97}"
EndProject
Project("{FAE04EC0-301F-11D3-BF4B-00C04F79EFBC}") = "ShuntingYard.Core.Tests", "ShuntingYard.Core.Tests\ShuntingYard.Core.Tests.csproj", "{539A431F-7C2D-4A8F-899F-1ADED1816953}"
EndProject
Project("{FAE04EC0-301F-11D3-BF4B-00C04F79EFBC}") = "ShuntingYard.Api", "ShuntingYard.Api\ShuntingYard.Api.csproj", "{49FEC644-F474-458A-A3AE-8CF5BE334A05}"
EndProject
Project("{FAE04EC0-301F-11D3-BF4B-00C04F79EFBC}") = "ShuntingYard.Api.Tests", "ShuntingYard.Api.Tests\ShuntingYard.Api.Tests.csproj", "{968FD477-550D-4631-9ABE-7E0B84ED0C14}"
EndProject
Global
	GlobalSection(SolutionConfigurationPlatforms) = preSolution
		Debug|Any CPU = Debug|Any CPU
		Release|Any CPU = Release|Any CPU
	EndGlobalSection
	GlobalSection(ProjectConfigurationPlatforms) = postSolution
		{D965BF6E-66B3-45C7-9697-7845A29FBC97}.Debug|Any CPU.ActiveCfg = Debug|Any CPU
		{D965BF6E-66B3-45C7-9697-7845A29FBC97}.Debug|Any CPU.Build.0 = Debug|Any CPU
		{D965BF6E-66B3-45C7-9697-7845A29FBC97}.Release|Any CPU.ActiveCfg = Release|Any CPU
		{D965BF6E-66B3-45C7-9697-7845A29FBC97}.Release|Any CPU.Build.0 = Release|Any CPU
		{539A431F-7C2D-4A8F-899F-1ADED1816953}.Debug|Any CPU.ActiveCfg = Debug|Any CPU
		{539A431F-7C2D-4A8F-899F-1ADED1816953}.Debug|Any CPU.Build.0 = Debug|Any CPU
		{539A431F-7C2D-4A8F-899F-1ADED1816953}.Release|Any CPU.ActiveCfg = Release|Any CPU
		{539A431F-7C2D-4A8F-899F-1ADED1816953}.Release|Any CPU.Build.0 = Release|Any CPU
		{49FEC644-F474-458A-A3AE-8CF5BE334A05}.Debug|Any CPU.ActiveCfg = Debug|Any CPU
		{49FEC644-F474-458A-A3AE-8CF5BE334A05}.Debug|Any CPU.Build.0 = Debug|Any CPU
		{49FEC644-F474-458A-A3AE-8CF5BE334A05}.Release|Any CPU.ActiveCfg = Release|Any CPU
		{49FEC644-F474-458A-A3AE-8CF5BE334A05}.Release|Any CPU.Build.0 = Release|Any CPU
		{968FD477-550D-4631-9ABE-7E0B84ED0C14}.Debug|Any CPU.ActiveCfg = Debug|Any CPU
		{968FD477-550D-4631-9ABE-7E0B84ED0C14}.Debug|Any CPU.Build.0 = Debug|Any CPU
		{968FD477-550D-4631-9ABE-7E0B84ED0C14}.Release|Any CPU.ActiveCfg = Release|Any CPU
		{968FD477-550D-4631-9ABE-7E0B84ED0C14}.Release|Any CPU.Build.0 = Release|Any CPU
	EndGlobalSection
EndGlobal
